
Microsoft Visual Studio Solution File, Format Version 12.00
# Visual Studio 2013
VisualStudioVersion = 12.0.30501.0
MinimumVisualStudioVersion = 10.0.40219.1
Project("{FAE04EC0-301F-11D3-BF4B-00C04F79EFBC}") = "HB.Homework.MarsRoverDrive", "HB.Homework.MarsRoverDrive\HB.Homework.MarsRoverDrive.csproj", "{C9480F00-AB97-4ACA-BD51-517706C9A5A5}"
EndProject
Project("{FAE04EC0-301F-11D3-BF4B-00C04F79EFBC}") = "HB.Homework.MarsRover", "HB.Homework.MarsRover\HB.Homework.MarsRover.csproj", "{B7A556BF-1C3E-4E55-9F4F-EE3F72A09E9F}"
EndProject
Project("{FAE04EC0-301F-11D3-BF4B-00C04F79EFBC}") = "HB.Homework.MarsRoverTest", "HB.Homework.MarsRoverTest\HB.Homework.MarsRoverTest.csproj", "{A4A67B66-8A29-4724-9F35-A651B8DFAB8B}"
EndProject
Global
	GlobalSection(SolutionConfigurationPlatforms) = preSolution
		Debug|Any CPU = Debug|Any CPU
		Release|Any CPU = Release|Any CPU
	EndGlobalSection
	GlobalSection(ProjectConfigurationPlatforms) = postSolution
		{C9480F00-AB97-4ACA-BD51-517706C9A5A5}.Debug|Any CPU.ActiveCfg = Debug|Any CPU
		{C9480F00-AB97-4ACA-BD51-517706C9A5A5}.Debug|Any CPU.Build.0 = Debug|Any CPU
		{C9480F00-AB97-4ACA-BD51-517706C9A5A5}.Release|Any CPU.ActiveCfg = Release|Any CPU
		{C9480F00-AB97-4ACA-BD51-517706C9A5A5}.Release|Any CPU.Build.0 = Release|Any CPU
		{B7A556BF-1C3E-4E55-9F4F-EE3F72A09E9F}.Debug|Any CPU.ActiveCfg = Debug|Any CPU
		{B7A556BF-1C3E-4E55-9F4F-EE3F72A09E9F}.Debug|Any CPU.Build.0 = Debug|Any CPU
		{B7A556BF-1C3E-4E55-9F4F-EE3F72A09E9F}.Release|Any CPU.ActiveCfg = Release|Any CPU
		{B7A556BF-1C3E-4E55-9F4F-EE3F72A09E9F}.Release|Any CPU.Build.0 = Release|Any CPU
		{A4A67B66-8A29-4724-9F35-A651B8DFAB8B}.Debug|Any CPU.ActiveCfg = Debug|Any CPU
		{A4A67B66-8A29-4724-9F35-A651B8DFAB8B}.Debug|Any CPU.Build.0 = Debug|Any CPU
		{A4A67B66-8A29-4724-9F35-A651B8DFAB8B}.Release|Any CPU.ActiveCfg = Release|Any CPU
		{A4A67B66-8A29-4724-9F35-A651B8DFAB8B}.Release|Any CPU.Build.0 = Release|Any CPU
	EndGlobalSection
	GlobalSection(SolutionProperties) = preSolution
		HideSolutionNode = FALSE
	EndGlobalSection
EndGlobal
